
Microsoft Visual Studio Solution File, Format Version 12.00
# Visual Studio Version 17
VisualStudioVersion = 17.11.35327.3
MinimumVisualStudioVersion = 10.0.40219.1
Project("{FAE04EC0-301F-11D3-BF4B-00C04F79EFBC}") = "NhaSachOnline.Web", "Blazor_NhaSachOnline.Web\NhaSachOnline.Web.csproj", "{180889FE-227B-40DC-9D24-F1AF7F10561E}"
EndProject
Project("{FAE04EC0-301F-11D3-BF4B-00C04F79EFBC}") = "NhaSachOnline.Mobile", "Blazor_NhaSachOnline.Mobile\NhaSachOnline.Mobile.csproj", "{E364E501-C371-48C7-8A11-B0BC84514720}"
EndProject
Project("{FAE04EC0-301F-11D3-BF4B-00C04F79EFBC}") = "NhaSachOnline.Shared", "Blazor_NhaSachOnline.Shared\NhaSachOnline.Shared.csproj", "{EB524A48-DE9E-4C22-B054-702CFB7793B5}"
EndProject
Project("{FAE04EC0-301F-11D3-BF4B-00C04F79EFBC}") = "NhaSachOnline.Shared.Component", "Blazor_NhaSachOnline.Shared.Component\NhaSachOnline.Shared.Component.csproj", "{43B58B9A-C2E4-4605-962C-C4E76792AE40}"
EndProject
Global
	GlobalSection(SolutionConfigurationPlatforms) = preSolution
		Debug|Any CPU = Debug|Any CPU
		Release|Any CPU = Release|Any CPU
	EndGlobalSection
	GlobalSection(ProjectConfigurationPlatforms) = postSolution
		{180889FE-227B-40DC-9D24-F1AF7F10561E}.Debug|Any CPU.ActiveCfg = Debug|Any CPU
		{180889FE-227B-40DC-9D24-F1AF7F10561E}.Debug|Any CPU.Build.0 = Debug|Any CPU
		{180889FE-227B-40DC-9D24-F1AF7F10561E}.Release|Any CPU.ActiveCfg = Release|Any CPU
		{180889FE-227B-40DC-9D24-F1AF7F10561E}.Release|Any CPU.Build.0 = Release|Any CPU
		{E364E501-C371-48C7-8A11-B0BC84514720}.Debug|Any CPU.ActiveCfg = Debug|Any CPU
		{E364E501-C371-48C7-8A11-B0BC84514720}.Debug|Any CPU.Build.0 = Debug|Any CPU
		{E364E501-C371-48C7-8A11-B0BC84514720}.Debug|Any CPU.Deploy.0 = Debug|Any CPU
		{E364E501-C371-48C7-8A11-B0BC84514720}.Release|Any CPU.ActiveCfg = Release|Any CPU
		{E364E501-C371-48C7-8A11-B0BC84514720}.Release|Any CPU.Build.0 = Release|Any CPU
		{E364E501-C371-48C7-8A11-B0BC84514720}.Release|Any CPU.Deploy.0 = Release|Any CPU
		{EB524A48-DE9E-4C22-B054-702CFB7793B5}.Debug|Any CPU.ActiveCfg = Debug|Any CPU
		{EB524A48-DE9E-4C22-B054-702CFB7793B5}.Debug|Any CPU.Build.0 = Debug|Any CPU
		{EB524A48-DE9E-4C22-B054-702CFB7793B5}.Release|Any CPU.ActiveCfg = Release|Any CPU
		{EB524A48-DE9E-4C22-B054-702CFB7793B5}.Release|Any CPU.Build.0 = Release|Any CPU
		{43B58B9A-C2E4-4605-962C-C4E76792AE40}.Debug|Any CPU.ActiveCfg = Debug|Any CPU
		{43B58B9A-C2E4-4605-962C-C4E76792AE40}.Debug|Any CPU.Build.0 = Debug|Any CPU
		{43B58B9A-C2E4-4605-962C-C4E76792AE40}.Release|Any CPU.ActiveCfg = Release|Any CPU
		{43B58B9A-C2E4-4605-962C-C4E76792AE40}.Release|Any CPU.Build.0 = Release|Any CPU
	EndGlobalSection
	GlobalSection(SolutionProperties) = preSolution
		HideSolutionNode = FALSE
	EndGlobalSection
	GlobalSection(ExtensibilityGlobals) = postSolution
		SolutionGuid = {AA532229-0403-4572-8126-BFB6D29E1E56}
	EndGlobalSection
EndGlobal
